
Microsoft Visual Studio Solution File, Format Version 9.00
# Visual Studio 2005
Project("{8BC9CEB8-8B4A-11D0-8D11-00A0C91BC942}") = "work_flow", "work_flow\work_flow.vcproj", "{62312181-F1B1-40D9-AF63-8050A717EE7A}"
EndProject
Global
	GlobalSection(SolutionConfigurationPlatforms) = preSolution
		Debug|Win32 = Debug|Win32
		Release|Win32 = Release|Win32
	EndGlobalSection
	GlobalSection(ProjectConfigurationPlatforms) = postSolution
		{62312181-F1B1-40D9-AF63-8050A717EE7A}.Debug|Win32.ActiveCfg = Debug|Win32
		{62312181-F1B1-40D9-AF63-8050A717EE7A}.Debug|Win32.Build.0 = Debug|Win32
		{62312181-F1B1-40D9-AF63-8050A717EE7A}.Release|Win32.ActiveCfg = Release|Win32
		{62312181-F1B1-40D9-AF63-8050A717EE7A}.Release|Win32.Build.0 = Release|Win32
	EndGlobalSection
	GlobalSection(SolutionProperties) = preSolution
		HideSolutionNode = FALSE
	EndGlobalSection
EndGlobal
